
Microsoft Visual Studio Solution File, Format Version 12.00
# Visual Studio Version 17
VisualStudioVersion = 17.8.34511.84
MinimumVisualStudioVersion = 10.0.40219.1
Project("{9A19103F-16F7-4668-BE54-9A1E7A4F7556}") = "WebCaster.API", "WebCaster.API\WebCaster.API.csproj", "{9B448982-1792-4762-8CE0-DC23B0C061ED}"
EndProject
Project("{2150E333-8FDC-42A3-9474-1A3956D46DE8}") = "Éléments de solution", "Éléments de solution", "{FEE3689D-76CE-4AFF-9649-ED175E99E208}"
	ProjectSection(SolutionItems) = preProject
		.gitignore = .gitignore
		LICENSE = LICENSE
		README.md = README.md
	EndProjectSection
EndProject
Global
	GlobalSection(SolutionConfigurationPlatforms) = preSolution
		Debug|Any CPU = Debug|Any CPU
		Release|Any CPU = Release|Any CPU
	EndGlobalSection
	GlobalSection(ProjectConfigurationPlatforms) = postSolution
		{9B448982-1792-4762-8CE0-DC23B0C061ED}.Debug|Any CPU.ActiveCfg = Debug|Any CPU
		{9B448982-1792-4762-8CE0-DC23B0C061ED}.Debug|Any CPU.Build.0 = Debug|Any CPU
		{9B448982-1792-4762-8CE0-DC23B0C061ED}.Release|Any CPU.ActiveCfg = Release|Any CPU
		{9B448982-1792-4762-8CE0-DC23B0C061ED}.Release|Any CPU.Build.0 = Release|Any CPU
	EndGlobalSection
	GlobalSection(SolutionProperties) = preSolution
		HideSolutionNode = FALSE
	EndGlobalSection
	GlobalSection(ExtensibilityGlobals) = postSolution
		SolutionGuid = {566EE881-AE1F-4558-B630-979433A83AFF}
	EndGlobalSection
EndGlobal
